
Microsoft Visual Studio Solution File, Format Version 12.00
# Visual Studio 2013
VisualStudioVersion = 12.0.21005.1
MinimumVisualStudioVersion = 10.0.40219.1
Project("{FAE04EC0-301F-11D3-BF4B-00C04F79EFBC}") = "UpNeed", "UpNeed\UpNeed.csproj", "{B9845D0A-E0FE-45C7-8C61-E39C5D178C58}"
EndProject
Project("{FAE04EC0-301F-11D3-BF4B-00C04F79EFBC}") = "UpNeed.Tests", "UpNeed.Tests\UpNeed.Tests.csproj", "{6C3CEDEB-ADC1-4358-BF5B-F28C657F484D}"
EndProject
Project("{FAE04EC0-301F-11D3-BF4B-00C04F79EFBC}") = "UpNeeds", "UpNeeds\UpNeeds.csproj", "{5654B703-47C4-4201-88AA-7E765909C912}"
EndProject
Project("{2150E333-8FDC-42A3-9474-1A3956D46DE8}") = ".nuget", ".nuget", "{C122DBBB-6408-4FB1-9AF7-56BF1C3EB869}"
	ProjectSection(SolutionItems) = preProject
		.nuget\NuGet.Config = .nuget\NuGet.Config
		.nuget\NuGet.exe = .nuget\NuGet.exe
		.nuget\NuGet.targets = .nuget\NuGet.targets
	EndProjectSection
EndProject
Global
	GlobalSection(SolutionConfigurationPlatforms) = preSolution
		Debug|Any CPU = Debug|Any CPU
		Release|Any CPU = Release|Any CPU
	EndGlobalSection
	GlobalSection(ProjectConfigurationPlatforms) = postSolution
		{B9845D0A-E0FE-45C7-8C61-E39C5D178C58}.Debug|Any CPU.ActiveCfg = Debug|Any CPU
		{B9845D0A-E0FE-45C7-8C61-E39C5D178C58}.Debug|Any CPU.Build.0 = Debug|Any CPU
		{B9845D0A-E0FE-45C7-8C61-E39C5D178C58}.Release|Any CPU.ActiveCfg = Release|Any CPU
		{B9845D0A-E0FE-45C7-8C61-E39C5D178C58}.Release|Any CPU.Build.0 = Release|Any CPU
		{6C3CEDEB-ADC1-4358-BF5B-F28C657F484D}.Debug|Any CPU.ActiveCfg = Debug|Any CPU
		{6C3CEDEB-ADC1-4358-BF5B-F28C657F484D}.Debug|Any CPU.Build.0 = Debug|Any CPU
		{6C3CEDEB-ADC1-4358-BF5B-F28C657F484D}.Release|Any CPU.ActiveCfg = Release|Any CPU
		{6C3CEDEB-ADC1-4358-BF5B-F28C657F484D}.Release|Any CPU.Build.0 = Release|Any CPU
		{5654B703-47C4-4201-88AA-7E765909C912}.Debug|Any CPU.ActiveCfg = Debug|Any CPU
		{5654B703-47C4-4201-88AA-7E765909C912}.Debug|Any CPU.Build.0 = Debug|Any CPU
		{5654B703-47C4-4201-88AA-7E765909C912}.Release|Any CPU.ActiveCfg = Release|Any CPU
		{5654B703-47C4-4201-88AA-7E765909C912}.Release|Any CPU.Build.0 = Release|Any CPU
	EndGlobalSection
	GlobalSection(SolutionProperties) = preSolution
		HideSolutionNode = FALSE
	EndGlobalSection
EndGlobal
